{
  "name": "NightGallery",
  "lockfileVersion": 3,
  "requires": true,
  "packages": {
    "": {
      "dependencies": {
        "emoji-picker-element": "^1.22.6"
      },
      "devDependencies": {
        "@types/js-cookie": "^3.0.6"
      }
    },
    "node_modules/@types/js-cookie": {
      "version": "3.0.6",
      "resolved": "https://registry.npmjs.org/@types/js-cookie/-/js-cookie-3.0.6.tgz",
      "integrity": "sha512-wkw9yd1kEXOPnvEeEV1Go1MmxtBJL0RR79aOTAApecWFVu7w0NNXNqhcWgvw2YgZDYadliXkl14pa3WXw5jlCQ==",
      "dev": true,
      "license": "MIT"
    },
    "node_modules/emoji-picker-element": {
      "version": "1.22.6",
      "resolved": "https://registry.npmjs.org/emoji-picker-element/-/emoji-picker-element-1.22.6.tgz",
      "integrity": "sha512-OGuxolBsB0NVB61cYh6wfC4e7+iSP81MHES1ZOmgMIwPMsiblRrdVau94fDRfDKoHaLyTgJv/f+oNQr6mx6SqQ==",
      "license": "Apache-2.0"
    }
  }
}
